
Microsoft Visual Studio Solution File, Format Version 12.00
# Visual Studio Version 17
VisualStudioVersion = 17.3.32929.385
MinimumVisualStudioVersion = 10.0.40219.1
Project("{FAE04EC0-301F-11D3-BF4B-00C04F79EFBC}") = "OgreFramework", "OgreFramework\OgreFramework.csproj", "{9386440D-7738-4DD3-A1AE-B0F1235E5C88}"
EndProject
Project("{FAE04EC0-301F-11D3-BF4B-00C04F79EFBC}") = "OgreFrameworkApp", "OgreFrameworkApp\OgreFrameworkApp.csproj", "{155A46F4-3A62-4980-939C-298BC59A0DE0}"
EndProject
Project("{FAE04EC0-301F-11D3-BF4B-00C04F79EFBC}") = "FSM", "FSM\FSM.csproj", "{E7D17C8F-C014-46E7-811B-ECDA746A832F}"
EndProject
Global
	GlobalSection(SolutionConfigurationPlatforms) = preSolution
		Debug|x86 = Debug|x86
		Release|x86 = Release|x86
	EndGlobalSection
	GlobalSection(ProjectConfigurationPlatforms) = postSolution
		{9386440D-7738-4DD3-A1AE-B0F1235E5C88}.Debug|x86.ActiveCfg = Debug|x86
		{9386440D-7738-4DD3-A1AE-B0F1235E5C88}.Debug|x86.Build.0 = Debug|x86
		{9386440D-7738-4DD3-A1AE-B0F1235E5C88}.Release|x86.ActiveCfg = Release|x86
		{9386440D-7738-4DD3-A1AE-B0F1235E5C88}.Release|x86.Build.0 = Release|x86
		{155A46F4-3A62-4980-939C-298BC59A0DE0}.Debug|x86.ActiveCfg = Debug|x86
		{155A46F4-3A62-4980-939C-298BC59A0DE0}.Debug|x86.Build.0 = Debug|x86
		{155A46F4-3A62-4980-939C-298BC59A0DE0}.Release|x86.ActiveCfg = Release|x86
		{155A46F4-3A62-4980-939C-298BC59A0DE0}.Release|x86.Build.0 = Release|x86
		{E7D17C8F-C014-46E7-811B-ECDA746A832F}.Debug|x86.ActiveCfg = Debug|x86
		{E7D17C8F-C014-46E7-811B-ECDA746A832F}.Debug|x86.Build.0 = Debug|x86
		{E7D17C8F-C014-46E7-811B-ECDA746A832F}.Release|x86.ActiveCfg = Release|x86
	EndGlobalSection
	GlobalSection(SolutionProperties) = preSolution
		HideSolutionNode = FALSE
	EndGlobalSection
	GlobalSection(ExtensibilityGlobals) = postSolution
		SolutionGuid = {FD59A192-A811-4CBE-84A7-80B95178600D}
	EndGlobalSection
EndGlobal
